
Microsoft Visual Studio Solution File, Format Version 12.00
# Visual Studio 15
VisualStudioVersion = 15.0.26730.12
MinimumVisualStudioVersion = 10.0.40219.1
Project("{9A19103F-16F7-4668-BE54-9A1E7A4F7556}") = "PrabodaApi", "PrabodaApi\PrabodaApi.csproj", "{BDF35D11-84AA-4199-B7A9-0C206692EA41}"
EndProject
Global
	GlobalSection(SolutionConfigurationPlatforms) = preSolution
		Debug|Any CPU = Debug|Any CPU
		Release|Any CPU = Release|Any CPU
	EndGlobalSection
	GlobalSection(ProjectConfigurationPlatforms) = postSolution
		{BDF35D11-84AA-4199-B7A9-0C206692EA41}.Debug|Any CPU.ActiveCfg = Debug|Any CPU
		{BDF35D11-84AA-4199-B7A9-0C206692EA41}.Debug|Any CPU.Build.0 = Debug|Any CPU
		{BDF35D11-84AA-4199-B7A9-0C206692EA41}.Release|Any CPU.ActiveCfg = Release|Any CPU
		{BDF35D11-84AA-4199-B7A9-0C206692EA41}.Release|Any CPU.Build.0 = Release|Any CPU
	EndGlobalSection
	GlobalSection(SolutionProperties) = preSolution
		HideSolutionNode = FALSE
	EndGlobalSection
	GlobalSection(ExtensibilityGlobals) = postSolution
		SolutionGuid = {D7E8CFC4-34C8-4079-A1CD-BD476738251C}
	EndGlobalSection
EndGlobal
